
Microsoft Visual Studio Solution File, Format Version 12.00
# Visual Studio Version 17
VisualStudioVersion = 17.9.34728.123
MinimumVisualStudioVersion = 10.0.40219.1
Project("{9A19103F-16F7-4668-BE54-9A1E7A4F7556}") = "Blackjack", "Blackjack\Blackjack.csproj", "{23D87944-689F-4C79-99DC-9CE687D1EAE1}"
EndProject
Global
	GlobalSection(SolutionConfigurationPlatforms) = preSolution
		Debug|Any CPU = Debug|Any CPU
		Release|Any CPU = Release|Any CPU
	EndGlobalSection
	GlobalSection(ProjectConfigurationPlatforms) = postSolution
		{23D87944-689F-4C79-99DC-9CE687D1EAE1}.Debug|Any CPU.ActiveCfg = Debug|Any CPU
		{23D87944-689F-4C79-99DC-9CE687D1EAE1}.Debug|Any CPU.Build.0 = Debug|Any CPU
		{23D87944-689F-4C79-99DC-9CE687D1EAE1}.Release|Any CPU.ActiveCfg = Release|Any CPU
		{23D87944-689F-4C79-99DC-9CE687D1EAE1}.Release|Any CPU.Build.0 = Release|Any CPU
	EndGlobalSection
	GlobalSection(SolutionProperties) = preSolution
		HideSolutionNode = FALSE
	EndGlobalSection
	GlobalSection(ExtensibilityGlobals) = postSolution
		SolutionGuid = {81A51EAC-9A24-4A19-AC64-2034B544A512}
	EndGlobalSection
EndGlobal
